
Microsoft Visual Studio Solution File, Format Version 12.00
# Visual Studio 15
VisualStudioVersion = 15.0.26730.12
MinimumVisualStudioVersion = 10.0.40219.1
Project("{FAE04EC0-301F-11D3-BF4B-00C04F79EFBC}") = "NLogDemo", "NLogDemo\NLogDemo.csproj", "{19D34F2B-3B02-49EC-89E4-06CAB057418D}"
EndProject
Global
	GlobalSection(SolutionConfigurationPlatforms) = preSolution
		Debug|Any CPU = Debug|Any CPU
		Release|Any CPU = Release|Any CPU
	EndGlobalSection
	GlobalSection(ProjectConfigurationPlatforms) = postSolution
		{19D34F2B-3B02-49EC-89E4-06CAB057418D}.Debug|Any CPU.ActiveCfg = Debug|Any CPU
		{19D34F2B-3B02-49EC-89E4-06CAB057418D}.Debug|Any CPU.Build.0 = Debug|Any CPU
		{19D34F2B-3B02-49EC-89E4-06CAB057418D}.Release|Any CPU.ActiveCfg = Release|Any CPU
		{19D34F2B-3B02-49EC-89E4-06CAB057418D}.Release|Any CPU.Build.0 = Release|Any CPU
	EndGlobalSection
	GlobalSection(SolutionProperties) = preSolution
		HideSolutionNode = FALSE
	EndGlobalSection
	GlobalSection(ExtensibilityGlobals) = postSolution
		SolutionGuid = {F5F8359B-4E45-42C7-8C0B-4B2289344D7B}
	EndGlobalSection
EndGlobal
