
Microsoft Visual Studio Solution File, Format Version 12.00
# Visual Studio 15
VisualStudioVersion = 15.0.26730.12
MinimumVisualStudioVersion = 10.0.40219.1
Project("{FAE04EC0-301F-11D3-BF4B-00C04F79EFBC}") = "BasicBacgroundWindow", "BasicBacgroundWindow\BasicBacgroundWindow.csproj", "{031ADED8-5A02-4D8F-B883-C373E4333BB1}"
EndProject
Global
	GlobalSection(SolutionConfigurationPlatforms) = preSolution
		Debug|Any CPU = Debug|Any CPU
		Release|Any CPU = Release|Any CPU
	EndGlobalSection
	GlobalSection(ProjectConfigurationPlatforms) = postSolution
		{031ADED8-5A02-4D8F-B883-C373E4333BB1}.Debug|Any CPU.ActiveCfg = Debug|Any CPU
		{031ADED8-5A02-4D8F-B883-C373E4333BB1}.Debug|Any CPU.Build.0 = Debug|Any CPU
		{031ADED8-5A02-4D8F-B883-C373E4333BB1}.Release|Any CPU.ActiveCfg = Release|Any CPU
		{031ADED8-5A02-4D8F-B883-C373E4333BB1}.Release|Any CPU.Build.0 = Release|Any CPU
	EndGlobalSection
	GlobalSection(SolutionProperties) = preSolution
		HideSolutionNode = FALSE
	EndGlobalSection
	GlobalSection(ExtensibilityGlobals) = postSolution
		SolutionGuid = {FA9059FB-E2E4-40F6-91CA-DF0E01D486CF}
	EndGlobalSection
EndGlobal
